
Microsoft Visual Studio Solution File, Format Version 12.00
# Visual Studio Version 17
VisualStudioVersion = 17.13.35818.85 d17.13
MinimumVisualStudioVersion = 10.0.40219.1
Project("{FAE04EC0-301F-11D3-BF4B-00C04F79EFBC}") = "StitchWitches", "StitchWitches.csproj", "{42530EE7-B78E-465F-9839-E70270BDC32B}"
EndProject
Global
	GlobalSection(SolutionConfigurationPlatforms) = preSolution
		Debug|Any CPU = Debug|Any CPU
		Release|Any CPU = Release|Any CPU
	EndGlobalSection
	GlobalSection(ProjectConfigurationPlatforms) = postSolution
		{42530EE7-B78E-465F-9839-E70270BDC32B}.Debug|Any CPU.ActiveCfg = Debug|Any CPU
		{42530EE7-B78E-465F-9839-E70270BDC32B}.Debug|Any CPU.Build.0 = Debug|Any CPU
		{42530EE7-B78E-465F-9839-E70270BDC32B}.Release|Any CPU.ActiveCfg = Release|Any CPU
		{42530EE7-B78E-465F-9839-E70270BDC32B}.Release|Any CPU.Build.0 = Release|Any CPU
	EndGlobalSection
	GlobalSection(SolutionProperties) = preSolution
		HideSolutionNode = FALSE
	EndGlobalSection
	GlobalSection(ExtensibilityGlobals) = postSolution
		SolutionGuid = {05A073AC-6EA0-444B-A03B-02B9759DEC25}
	EndGlobalSection
EndGlobal
